// !$*UTF8*$!
{
	archiveVersion = 1;
	classes = {
	};
	objectVersion = 77;
	objects = {

/* Begin PBXBuildFile section */
		D4471DC02E89A94B00C614F4 /* Kingfisher in Frameworks */ = {isa = PBXBuildFile; productRef = D4471DBF2E89A94B00C614F4 /* Kingfisher */; };
		D4471DC32E89A95800C614F4 /* LazyPager in Frameworks */ = {isa = PBXBuildFile; productRef = D4471DC22E89A95800C614F4 /* LazyPager */; };
/* End PBXBuildFile section */

/* Begin PBXContainerItemProxy section */
		D48636522E8560F400B72D50 /* PBXContainerItemProxy */ = {
			isa = PBXContainerItemProxy;
			containerPortal = D486363C2E8560F300B72D50 /* Project object */;
			proxyType = 1;
			remoteGlobalIDString = D48636432E8560F300B72D50;
			remoteInfo = SPProbaFeladat;
		};
		D486365C2E8560F400B72D50 /* PBXContainerItemProxy */ = {
			isa = PBXContainerItemProxy;
			containerPortal = D486363C2E8560F300B72D50 /* Project object */;
			proxyType = 1;
			remoteGlobalIDString = D48636432E8560F300B72D50;
			remoteInfo = SPProbaFeladat;
		};
/* End PBXContainerItemProxy section */

/* Begin PBXFileReference section */
		D48636442E8560F300B72D50 /* SPProbaFeladat.app */ = {isa = PBXFileReference; explicitFileType = wrapper.application; includeInIndex = 0; path = SPProbaFeladat.app; sourceTree = BUILT_PRODUCTS_DIR; };
		D48636512E8560F400B72D50 /* SPProbaFeladatTests.xctest */ = {isa = PBXFileReference; explicitFileType = wrapper.cfbundle; includeInIndex = 0; path = SPProbaFeladatTests.xctest; sourceTree = BUILT_PRODUCTS_DIR; };
		D486365B2E8560F400B72D50 /* SPProbaFeladatUITests.xctest */ = {isa = PBXFileReference; explicitFileType = wrapper.cfbundle; includeInIndex = 0; path = SPProbaFeladatUITests.xctest; sourceTree = BUILT_PRODUCTS_DIR; };
/* End PBXFileReference section */

/* Begin PBXFileSystemSynchronizedRootGroup section */
		D4471E832E89F18100C614F4 /* SPProbaFeladatTests */ = {
			isa = PBXFileSystemSynchronizedRootGroup;
			path = SPProbaFeladatTests;
			sourceTree = "<group>";
		};
		D4471E842E89F1A300C614F4 /* SPProbaFeladatUITests */ = {
			isa = PBXFileSystemSynchronizedRootGroup;
			path = SPProbaFeladatUITests;
			sourceTree = "<group>";
		};
		D48636462E8560F300B72D50 /* SPProbaFeladat */ = {
			isa = PBXFileSystemSynchronizedRootGroup;
			path = SPProbaFeladat;
			sourceTree = "<group>";
		};
/* End PBXFileSystemSynchronizedRootGroup section */

/* Begin PBXFrameworksBuildPhase section */
		D48636412E8560F300B72D50 /* Frameworks */ = {
			isa = PBXFrameworksBuildPhase;
			buildActionMask = 2147483647;
			files = (
				D4471DC32E89A95800C614F4 /* LazyPager in Frameworks */,
				D4471DC02E89A94B00C614F4 /* Kingfisher in Frameworks */,
			);
			runOnlyForDeploymentPostprocessing = 0;
		};
		D486364E2E8560F400B72D50 /* Frameworks */ = {
			isa = PBXFrameworksBuildPhase;
			buildActionMask = 2147483647;
			files = (
			);
			runOnlyForDeploymentPostprocessing = 0;
		};
		D48636582E8560F400B72D50 /* Frameworks */ = {
			isa = PBXFrameworksBuildPhase;
			buildActionMask = 2147483647;
			files = (
			);
			runOnlyForDeploymentPostprocessing = 0;
		};
/* End PBXFrameworksBuildPhase section */

/* Begin PBXGroup section */
		D486363B2E8560F300B72D50 = {
			isa = PBXGroup;
			children = (
				D4471E842E89F1A300C614F4 /* SPProbaFeladatUITests */,
				D4471E832E89F18100C614F4 /* SPProbaFeladatTests */,
				D48636462E8560F300B72D50 /* SPProbaFeladat */,
				D48636452E8560F300B72D50 /* Products */,
			);
			sourceTree = "<group>";
		};
		D48636452E8560F300B72D50 /* Products */ = {
			isa = PBXGroup;
			children = (
				D48636442E8560F300B72D50 /* SPProbaFeladat.app */,
				D48636512E8560F400B72D50 /* SPProbaFeladatTests.xctest */,
				D486365B2E8560F400B72D50 /* SPProbaFeladatUITests.xctest */,
			);
			name = Products;
			sourceTree = "<group>";
		};
/* End PBXGroup section */

/* Begin PBXNativeTarget section */
		D48636432E8560F300B72D50 /* SPProbaFeladat */ = {
			isa = PBXNativeTarget;
			buildConfigurationList = D48636652E8560F400B72D50 /* Build configuration list for PBXNativeTarget "SPProbaFeladat" */;
			buildPhases = (
				D48636402E8560F300B72D50 /* Sources */,
				D48636412E8560F300B72D50 /* Frameworks */,
				D48636422E8560F300B72D50 /* Resources */,
			);
			buildRules = (
			);
			dependencies = (
			);
			fileSystemSynchronizedGroups = (
				D48636462E8560F300B72D50 /* SPProbaFeladat */,
			);
			name = SPProbaFeladat;
			packageProductDependencies = (
				D4471DBF2E89A94B00C614F4 /* Kingfisher */,
				D4471DC22E89A95800C614F4 /* LazyPager */,
			);
			productName = SPProbaFeladat;
			productReference = D48636442E8560F300B72D50 /* SPProbaFeladat.app */;
			productType = "com.apple.product-type.application";
		};
		D48636502E8560F400B72D50 /* SPProbaFeladatTests */ = {
			isa = PBXNativeTarget;
			buildConfigurationList = D48636682E8560F400B72D50 /* Build configuration list for PBXNativeTarget "SPProbaFeladatTests" */;
			buildPhases = (
				D486364D2E8560F400B72D50 /* Sources */,
				D486364E2E8560F400B72D50 /* Frameworks */,
				D486364F2E8560F400B72D50 /* Resources */,
			);
			buildRules = (
			);
			dependencies = (
				D48636532E8560F400B72D50 /* PBXTargetDependency */,
			);
			fileSystemSynchronizedGroups = (
				D4471E832E89F18100C614F4 /* SPProbaFeladatTests */,
			);
			name = SPProbaFeladatTests;
			packageProductDependencies = (
			);
			productName = SPProbaFeladatTests;
			productReference = D48636512E8560F400B72D50 /* SPProbaFeladatTests.xctest */;
			productType = "com.apple.product-type.bundle.unit-test";
		};
		D486365A2E8560F400B72D50 /* SPProbaFeladatUITests */ = {
			isa = PBXNativeTarget;
			buildConfigurationList = D486366B2E8560F400B72D50 /* Build configuration list for PBXNativeTarget "SPProbaFeladatUITests" */;
			buildPhases = (
				D48636572E8560F400B72D50 /* Sources */,
				D48636582E8560F400B72D50 /* Frameworks */,
				D48636592E8560F400B72D50 /* Resources */,
			);
			buildRules = (
			);
			dependencies = (
				D486365D2E8560F400B72D50 /* PBXTargetDependency */,
			);
			fileSystemSynchronizedGroups = (
				D4471E842E89F1A300C614F4 /* SPProbaFeladatUITests */,
			);
			name = SPProbaFeladatUITests;
			packageProductDependencies = (
			);
			productName = SPProbaFeladatUITests;
			productReference = D486365B2E8560F400B72D50 /* SPProbaFeladatUITests.xctest */;
			productType = "com.apple.product-type.bundle.ui-testing";
		};
/* End PBXNativeTarget section */

/* Begin PBXProject section */
		D486363C2E8560F300B72D50 /* Project object */ = {
			isa = PBXProject;
			attributes = {
				BuildIndependentTargetsInParallel = 1;
				LastSwiftUpdateCheck = 2600;
				LastUpgradeCheck = 2600;
				TargetAttributes = {
					D48636432E8560F300B72D50 = {
						CreatedOnToolsVersion = 26.0.1;
					};
					D48636502E8560F400B72D50 = {
						CreatedOnToolsVersion = 26.0.1;
						TestTargetID = D48636432E8560F300B72D50;
					};
					D486365A2E8560F400B72D50 = {
						CreatedOnToolsVersion = 26.0.1;
						TestTargetID = D48636432E8560F300B72D50;
					};
				};
			};
			buildConfigurationList = D486363F2E8560F300B72D50 /* Build configuration list for PBXProject "SPProbaFeladat" */;
			developmentRegion = en;
			hasScannedForEncodings = 0;
			knownRegions = (
				en,
				Base,
			);
			mainGroup = D486363B2E8560F300B72D50;
			minimizedProjectReferenceProxies = 1;
			packageReferences = (
				D4471DBE2E89A94B00C614F4 /* XCRemoteSwiftPackageReference "Kingfisher" */,
				D4471DC12E89A95800C614F4 /* XCRemoteSwiftPackageReference "LazyPager" */,
			);
			preferredProjectObjectVersion = 77;
			productRefGroup = D48636452E8560F300B72D50 /* Products */;
			projectDirPath = "";
			projectRoot = "";
			targets = (
				D48636432E8560F300B72D50 /* SPProbaFeladat */,
				D48636502E8560F400B72D50 /* SPProbaFeladatTests */,
				D486365A2E8560F400B72D50 /* SPProbaFeladatUITests */,
			);
		};
/* End PBXProject section */

/* Begin PBXResourcesBuildPhase section */
		D48636422E8560F300B72D50 /* Resources */ = {
			isa = PBXResourcesBuildPhase;
			buildActionMask = 2147483647;
			files = (
			);
			runOnlyForDeploymentPostprocessing = 0;
		};
		D486364F2E8560F400B72D50 /* Resources */ = {
			isa = PBXResourcesBuildPhase;
			buildActionMask = 2147483647;
			files = (
			);
			runOnlyForDeploymentPostprocessing = 0;
		};
		D48636592E8560F400B72D50 /* Resources */ = {
			isa = PBXResourcesBuildPhase;
			buildActionMask = 2147483647;
			files = (
			);
			runOnlyForDeploymentPostprocessing = 0;
		};
/* End PBXResourcesBuildPhase section */

/* Begin PBXSourcesBuildPhase section */
		D48636402E8560F300B72D50 /* Sources */ = {
			isa = PBXSourcesBuildPhase;
			buildActionMask = 2147483647;
			files = (
			);
			runOnlyForDeploymentPostprocessing = 0;
		};
		D486364D2E8560F400B72D50 /* Sources */ = {
			isa = PBXSourcesBuildPhase;
			buildActionMask = 2147483647;
			files = (
			);
			runOnlyForDeploymentPostprocessing = 0;
		};
		D48636572E8560F400B72D50 /* Sources */ = {
			isa = PBXSourcesBuildPhase;
			buildActionMask = 2147483647;
			files = (
			);
			runOnlyForDeploymentPostprocessing = 0;
		};
/* End PBXSourcesBuildPhase section */

/* Begin PBXTargetDependency section */
		D48636532E8560F400B72D50 /* PBXTargetDependency */ = {
			isa = PBXTargetDependency;
			target = D48636432E8560F300B72D50 /* SPProbaFeladat */;
			targetProxy = D48636522E8560F400B72D50 /* PBXContainerItemProxy */;
		};
		D486365D2E8560F400B72D50 /* PBXTargetDependency */ = {
			isa = PBXTargetDependency;
			target = D48636432E8560F300B72D50 /* SPProbaFeladat */;
			targetProxy = D486365C2E8560F400B72D50 /* PBXContainerItemProxy */;
		};
/* End PBXTargetDependency section */

/* Begin XCBuildConfiguration section */
		D48636632E8560F400B72D50 /* Debug */ = {
			isa = XCBuildConfiguration;
			buildSettings = {
				ALWAYS_SEARCH_USER_PATHS = NO;
				ASSETCATALOG_COMPILER_GENERATE_SWIFT_ASSET_SYMBOL_EXTENSIONS = YES;
				CLANG_ANALYZER_NONNULL = YES;
				CLANG_ANALYZER_NUMBER_OBJECT_CONVERSION = YES_AGGRESSIVE;
				CLANG_CXX_LANGUAGE_STANDARD = "gnu++20";
				CLANG_ENABLE_MODULES = YES;
				CLANG_ENABLE_OBJC_ARC = YES;
				CLANG_ENABLE_OBJC_WEAK = YES;
				CLANG_WARN_BLOCK_CAPTURE_AUTORELEASING = YES;
				CLANG_WARN_BOOL_CONVERSION = YES;
				CLANG_WARN_COMMA = YES;
				CLANG_WARN_CONSTANT_CONVERSION = YES;
				CLANG_WARN_DEPRECATED_OBJC_IMPLEMENTATIONS = YES;
				CLANG_WARN_DIRECT_OBJC_ISA_USAGE = YES_ERROR;
				CLANG_WARN_DOCUMENTATION_COMMENTS = YES;
				CLANG_WARN_EMPTY_BODY = YES;
				CLANG_WARN_ENUM_CONVERSION = YES;
				CLANG_WARN_INFINITE_RECURSION = YES;
				CLANG_WARN_INT_CONVERSION = YES;
				CLANG_WARN_NON_LITERAL_NULL_CONVERSION = YES;
				CLANG_WARN_OBJC_IMPLICIT_RETAIN_SELF = YES;
				CLANG_WARN_OBJC_LITERAL_CONVERSION = YES;
				CLANG_WARN_OBJC_ROOT_CLASS = YES_ERROR;
				CLANG_WARN_QUOTED_INCLUDE_IN_FRAMEWORK_HEADER = YES;
				CLANG_WARN_RANGE_LOOP_ANALYSIS = YES;
				CLANG_WARN_STRICT_PROTOTYPES = YES;
				CLANG_WARN_SUSPICIOUS_MOVE = YES;
				CLANG_WARN_UNGUARDED_AVAILABILITY = YES_AGGRESSIVE;
				CLANG_WARN_UNREACHABLE_CODE = YES;
				CLANG_WARN__DUPLICATE_METHOD_MATCH = YES;
				COPY_PHASE_STRIP = NO;
				DEBUG_INFORMATION_FORMAT = dwarf;
				DEVELOPMENT_TEAM = TX78C6BD55;
				ENABLE_STRICT_OBJC_MSGSEND = YES;
				ENABLE_TESTABILITY = YES;
				ENABLE_USER_SCRIPT_SANDBOXING = YES;
				GCC_C_LANGUAGE_STANDARD = gnu17;
				GCC_DYNAMIC_NO_PIC = NO;
				GCC_NO_COMMON_BLOCKS = YES;
				GCC_OPTIMIZATION_LEVEL = 0;
				GCC_PREPROCESSOR_DEFINITIONS = (
					"DEBUG=1",
					"$(inherited)",
				);
				GCC_WARN_64_TO_32_BIT_CONVERSION = YES;
				GCC_WARN_ABOUT_RETURN_TYPE = YES_ERROR;
				GCC_WARN_UNDECLARED_SELECTOR = YES;
				GCC_WARN_UNINITIALIZED_AUTOS = YES_AGGRESSIVE;
				GCC_WARN_UNUSED_FUNCTION = YES;
				GCC_WARN_UNUSED_VARIABLE = YES;
				IPHONEOS_DEPLOYMENT_TARGET = 26.0;
				LOCALIZATION_PREFERS_STRING_CATALOGS = YES;
				MTL_ENABLE_DEBUG_INFO = INCLUDE_SOURCE;
				MTL_FAST_MATH = YES;
				ONLY_ACTIVE_ARCH = YES;
				SDKROOT = iphoneos;
				SWIFT_ACTIVE_COMPILATION_CONDITIONS = "DEBUG $(inherited)";
				SWIFT_APPROACHABLE_CONCURRENCY = YES;
				SWIFT_OPTIMIZATION_LEVEL = "-Onone";
			};
			name = Debug;
		};
		D48636642E8560F400B72D50 /* Release */ = {
			isa = XCBuildConfiguration;
			buildSettings = {
				ALWAYS_SEARCH_USER_PATHS = NO;
				ASSETCATALOG_COMPILER_GENERATE_SWIFT_ASSET_SYMBOL_EXTENSIONS = YES;
				CLANG_ANALYZER_NONNULL = YES;
				CLANG_ANALYZER_NUMBER_OBJECT_CONVERSION = YES_AGGRESSIVE;
				CLANG_CXX_LANGUAGE_STANDARD = "gnu++20";
				CLANG_ENABLE_MODULES = YES;
				CLANG_ENABLE_OBJC_ARC = YES;
				CLANG_ENABLE_OBJC_WEAK = YES;
				CLANG_WARN_BLOCK_CAPTURE_AUTORELEASING = YES;
				CLANG_WARN_BOOL_CONVERSION = YES;
				CLANG_WARN_COMMA = YES;
				CLANG_WARN_CONSTANT_CONVERSION = YES;
				CLANG_WARN_DEPRECATED_OBJC_IMPLEMENTATIONS = YES;
				CLANG_WARN_DIRECT_OBJC_ISA_USAGE = YES_ERROR;
				CLANG_WARN_DOCUMENTATION_COMMENTS = YES;
				CLANG_WARN_EMPTY_BODY = YES;
				CLANG_WARN_ENUM_CONVERSION = YES;
				CLANG_WARN_INFINITE_RECURSION = YES;
				CLANG_WARN_INT_CONVERSION = YES;
				CLANG_WARN_NON_LITERAL_NULL_CONVERSION = YES;
				CLANG_WARN_OBJC_IMPLICIT_RETAIN_SELF = YES;
				CLANG_WARN_OBJC_LITERAL_CONVERSION = YES;
				CLANG_WARN_OBJC_ROOT_CLASS = YES_ERROR;
				CLANG_WARN_QUOTED_INCLUDE_IN_FRAMEWORK_HEADER = YES;
				CLANG_WARN_RANGE_LOOP_ANALYSIS = YES;
				CLANG_WARN_STRICT_PROTOTYPES = YES;
				CLANG_WARN_SUSPICIOUS_MOVE = YES;
				CLANG_WARN_UNGUARDED_AVAILABILITY = YES_AGGRESSIVE;
				CLANG_WARN_UNREACHABLE_CODE = YES;
				CLANG_WARN__DUPLICATE_METHOD_MATCH = YES;
				COPY_PHASE_STRIP = NO;
				DEBUG_INFORMATION_FORMAT = "dwarf-with-dsym";
				DEVELOPMENT_TEAM = TX78C6BD55;
				ENABLE_NS_ASSERTIONS = NO;
				ENABLE_STRICT_OBJC_MSGSEND = YES;
				ENABLE_USER_SCRIPT_SANDBOXING = YES;
				GCC_C_LANGUAGE_STANDARD = gnu17;
				GCC_NO_COMMON_BLOCKS = YES;
				GCC_WARN_64_TO_32_BIT_CONVERSION = YES;
				GCC_WARN_ABOUT_RETURN_TYPE = YES_ERROR;
				GCC_WARN_UNDECLARED_SELECTOR = YES;
				GCC_WARN_UNINITIALIZED_AUTOS = YES_AGGRESSIVE;
				GCC_WARN_UNUSED_FUNCTION = YES;
				GCC_WARN_UNUSED_VARIABLE = YES;
				IPHONEOS_DEPLOYMENT_TARGET = 26.0;
				LOCALIZATION_PREFERS_STRING_CATALOGS = YES;
				MTL_ENABLE_DEBUG_INFO = NO;
				MTL_FAST_MATH = YES;
				SDKROOT = iphoneos;
				SWIFT_APPROACHABLE_CONCURRENCY = YES;
				SWIFT_COMPILATION_MODE = wholemodule;
				VALIDATE_PRODUCT = YES;
			};
			name = Release;
		};
		D48636662E8560F400B72D50 /* Debug */ = {
			isa = XCBuildConfiguration;
			buildSettings = {
				ASSETCATALOG_COMPILER_APPICON_NAME = AppIcon;
				ASSETCATALOG_COMPILER_GLOBAL_ACCENT_COLOR_NAME = AccentColor;
				CODE_SIGN_STYLE = Automatic;
				CURRENT_PROJECT_VERSION = 1;
				DEVELOPMENT_TEAM = "";
				ENABLE_PREVIEWS = YES;
				GENERATE_INFOPLIST_FILE = YES;
				INFOPLIST_KEY_UIApplicationSceneManifest_Generation = YES;
				INFOPLIST_KEY_UIApplicationSupportsIndirectInputEvents = YES;
				INFOPLIST_KEY_UILaunchScreen_Generation = YES;
				INFOPLIST_KEY_UISupportedInterfaceOrientations_iPad = "UIInterfaceOrientationPortrait UIInterfaceOrientationPortraitUpsideDown UIInterfaceOrientationLandscapeLeft UIInterfaceOrientationLandscapeRight";
				INFOPLIST_KEY_UISupportedInterfaceOrientations_iPhone = "UIInterfaceOrientationPortrait UIInterfaceOrientationLandscapeLeft UIInterfaceOrientationLandscapeRight";
				IPHONEOS_DEPLOYMENT_TARGET = 17.0;
				LD_RUNPATH_SEARCH_PATHS = (
					"$(inherited)",
					"@executable_path/Frameworks",
				);
				MARKETING_VERSION = 1.0;
				PRODUCT_BUNDLE_IDENTIFIER = hu.kormosadam.SPProbaFeladat;
				PRODUCT_NAME = "$(TARGET_NAME)";
				STRING_CATALOG_GENERATE_SYMBOLS = YES;
				SWIFT_APPROACHABLE_CONCURRENCY = NO;
				SWIFT_DEFAULT_ACTOR_ISOLATION = MainActor;
				SWIFT_EMIT_LOC_STRINGS = YES;
				SWIFT_UPCOMING_FEATURE_MEMBER_IMPORT_VISIBILITY = YES;
				SWIFT_VERSION = 5.0;
				TARGETED_DEVICE_FAMILY = "1,2";
			};
			name = Debug;
		};
		D48636672E8560F400B72D50 /* Release */ = {
			isa = XCBuildConfiguration;
			buildSettings = {
				ASSETCATALOG_COMPILER_APPICON_NAME = AppIcon;
				ASSETCATALOG_COMPILER_GLOBAL_ACCENT_COLOR_NAME = AccentColor;
				CODE_SIGN_STYLE = Automatic;
				CURRENT_PROJECT_VERSION = 1;
				DEVELOPMENT_TEAM = "";
				ENABLE_PREVIEWS = YES;
				GENERATE_INFOPLIST_FILE = YES;
				INFOPLIST_KEY_UIApplicationSceneManifest_Generation = YES;
				INFOPLIST_KEY_UIApplicationSupportsIndirectInputEvents = YES;
				INFOPLIST_KEY_UILaunchScreen_Generation = YES;
				INFOPLIST_KEY_UISupportedInterfaceOrientations_iPad = "UIInterfaceOrientationPortrait UIInterfaceOrientationPortraitUpsideDown UIInterfaceOrientationLandscapeLeft UIInterfaceOrientationLandscapeRight";
				INFOPLIST_KEY_UISupportedInterfaceOrientations_iPhone = "UIInterfaceOrientationPortrait UIInterfaceOrientationLandscapeLeft UIInterfaceOrientationLandscapeRight";
				IPHONEOS_DEPLOYMENT_TARGET = 17.0;
				LD_RUNPATH_SEARCH_PATHS = (
					"$(inherited)",
					"@executable_path/Frameworks",
				);
				MARKETING_VERSION = 1.0;
				PRODUCT_BUNDLE_IDENTIFIER = hu.kormosadam.SPProbaFeladat;
				PRODUCT_NAME = "$(TARGET_NAME)";
				STRING_CATALOG_GENERATE_SYMBOLS = YES;
				SWIFT_APPROACHABLE_CONCURRENCY = NO;
				SWIFT_DEFAULT_ACTOR_ISOLATION = MainActor;
				SWIFT_EMIT_LOC_STRINGS = YES;
				SWIFT_UPCOMING_FEATURE_MEMBER_IMPORT_VISIBILITY = YES;
				SWIFT_VERSION = 5.0;
				TARGETED_DEVICE_FAMILY = "1,2";
			};
			name = Release;
		};
		D48636692E8560F400B72D50 /* Debug */ = {
			isa = XCBuildConfiguration;
			buildSettings = {
				BUNDLE_LOADER = "$(TEST_HOST)";
				CODE_SIGN_STYLE = Automatic;
				CURRENT_PROJECT_VERSION = 1;
				DEVELOPMENT_TEAM = "";
				GENERATE_INFOPLIST_FILE = YES;
				IPHONEOS_DEPLOYMENT_TARGET = 17.0;
				MARKETING_VERSION = 1.0;
				PRODUCT_BUNDLE_IDENTIFIER = hu.kormosadam.SPProbaFeladatTests;
				PRODUCT_NAME = "$(TARGET_NAME)";
				STRING_CATALOG_GENERATE_SYMBOLS = NO;
				SWIFT_APPROACHABLE_CONCURRENCY = YES;
				SWIFT_EMIT_LOC_STRINGS = NO;
				SWIFT_UPCOMING_FEATURE_MEMBER_IMPORT_VISIBILITY = YES;
				SWIFT_VERSION = 5.0;
				TARGETED_DEVICE_FAMILY = "1,2";
				TEST_HOST = "$(BUILT_PRODUCTS_DIR)/SPProbaFeladat.app/$(BUNDLE_EXECUTABLE_FOLDER_PATH)/SPProbaFeladat";
			};
			name = Debug;
		};
		D486366A2E8560F400B72D50 /* Release */ = {
			isa = XCBuildConfiguration;
			buildSettings = {
				BUNDLE_LOADER = "$(TEST_HOST)";
				CODE_SIGN_STYLE = Automatic;
				CURRENT_PROJECT_VERSION = 1;
				DEVELOPMENT_TEAM = "";
				GENERATE_INFOPLIST_FILE = YES;
				IPHONEOS_DEPLOYMENT_TARGET = 17.0;
				MARKETING_VERSION = 1.0;
				PRODUCT_BUNDLE_IDENTIFIER = hu.kormosadam.SPProbaFeladatTests;
				PRODUCT_NAME = "$(TARGET_NAME)";
				STRING_CATALOG_GENERATE_SYMBOLS = NO;
				SWIFT_APPROACHABLE_CONCURRENCY = YES;
				SWIFT_EMIT_LOC_STRINGS = NO;
				SWIFT_UPCOMING_FEATURE_MEMBER_IMPORT_VISIBILITY = YES;
				SWIFT_VERSION = 5.0;
				TARGETED_DEVICE_FAMILY = "1,2";
				TEST_HOST = "$(BUILT_PRODUCTS_DIR)/SPProbaFeladat.app/$(BUNDLE_EXECUTABLE_FOLDER_PATH)/SPProbaFeladat";
			};
			name = Release;
		};
		D486366C2E8560F400B72D50 /* Debug */ = {
			isa = XCBuildConfiguration;
			buildSettings = {
				CODE_SIGN_STYLE = Automatic;
				CURRENT_PROJECT_VERSION = 1;
				DEVELOPMENT_TEAM = "";
				GENERATE_INFOPLIST_FILE = YES;
				IPHONEOS_DEPLOYMENT_TARGET = 17.0;
				MARKETING_VERSION = 1.0;
				PRODUCT_BUNDLE_IDENTIFIER = hu.kormosadam.SPProbaFeladatUITests;
				PRODUCT_NAME = "$(TARGET_NAME)";
				STRING_CATALOG_GENERATE_SYMBOLS = NO;
				SWIFT_APPROACHABLE_CONCURRENCY = YES;
				SWIFT_EMIT_LOC_STRINGS = NO;
				SWIFT_UPCOMING_FEATURE_MEMBER_IMPORT_VISIBILITY = YES;
				SWIFT_VERSION = 5.0;
				TARGETED_DEVICE_FAMILY = "1,2";
				TEST_TARGET_NAME = SPProbaFeladat;
			};
			name = Debug;
		};
		D486366D2E8560F400B72D50 /* Release */ = {
			isa = XCBuildConfiguration;
			buildSettings = {
				CODE_SIGN_STYLE = Automatic;
				CURRENT_PROJECT_VERSION = 1;
				DEVELOPMENT_TEAM = "";
				GENERATE_INFOPLIST_FILE = YES;
				IPHONEOS_DEPLOYMENT_TARGET = 17.0;
				MARKETING_VERSION = 1.0;
				PRODUCT_BUNDLE_IDENTIFIER = hu.kormosadam.SPProbaFeladatUITests;
				PRODUCT_NAME = "$(TARGET_NAME)";
				STRING_CATALOG_GENERATE_SYMBOLS = NO;
				SWIFT_APPROACHABLE_CONCURRENCY = YES;
				SWIFT_EMIT_LOC_STRINGS = NO;
				SWIFT_UPCOMING_FEATURE_MEMBER_IMPORT_VISIBILITY = YES;
				SWIFT_VERSION = 5.0;
				TARGETED_DEVICE_FAMILY = "1,2";
				TEST_TARGET_NAME = SPProbaFeladat;
			};
			name = Release;
		};
/* End XCBuildConfiguration section */

/* Begin XCConfigurationList section */
		D486363F2E8560F300B72D50 /* Build configuration list for PBXProject "SPProbaFeladat" */ = {
			isa = XCConfigurationList;
			buildConfigurations = (
				D48636632E8560F400B72D50 /* Debug */,
				D48636642E8560F400B72D50 /* Release */,
			);
			defaultConfigurationIsVisible = 0;
			defaultConfigurationName = Release;
		};
		D48636652E8560F400B72D50 /* Build configuration list for PBXNativeTarget "SPProbaFeladat" */ = {
			isa = XCConfigurationList;
			buildConfigurations = (
				D48636662E8560F400B72D50 /* Debug */,
				D48636672E8560F400B72D50 /* Release */,
			);
			defaultConfigurationIsVisible = 0;
			defaultConfigurationName = Release;
		};
		D48636682E8560F400B72D50 /* Build configuration list for PBXNativeTarget "SPProbaFeladatTests" */ = {
			isa = XCConfigurationList;
			buildConfigurations = (
				D48636692E8560F400B72D50 /* Debug */,
				D486366A2E8560F400B72D50 /* Release */,
			);
			defaultConfigurationIsVisible = 0;
			defaultConfigurationName = Release;
		};
		D486366B2E8560F400B72D50 /* Build configuration list for PBXNativeTarget "SPProbaFeladatUITests" */ = {
			isa = XCConfigurationList;
			buildConfigurations = (
				D486366C2E8560F400B72D50 /* Debug */,
				D486366D2E8560F400B72D50 /* Release */,
			);
			defaultConfigurationIsVisible = 0;
			defaultConfigurationName = Release;
		};
/* End XCConfigurationList section */

/* Begin XCRemoteSwiftPackageReference section */
		D4471DBE2E89A94B00C614F4 /* XCRemoteSwiftPackageReference "Kingfisher" */ = {
			isa = XCRemoteSwiftPackageReference;
			repositoryURL = "https://github.com/onevcat/Kingfisher.git";
			requirement = {
				kind = upToNextMajorVersion;
				minimumVersion = 8.5.0;
			};
		};
		D4471DC12E89A95800C614F4 /* XCRemoteSwiftPackageReference "LazyPager" */ = {
			isa = XCRemoteSwiftPackageReference;
			repositoryURL = "https://github.com/gh123man/LazyPager";
			requirement = {
				kind = upToNextMajorVersion;
				minimumVersion = 1.1.13;
			};
		};
/* End XCRemoteSwiftPackageReference section */

/* Begin XCSwiftPackageProductDependency section */
		D4471DBF2E89A94B00C614F4 /* Kingfisher */ = {
			isa = XCSwiftPackageProductDependency;
			package = D4471DBE2E89A94B00C614F4 /* XCRemoteSwiftPackageReference "Kingfisher" */;
			productName = Kingfisher;
		};
		D4471DC22E89A95800C614F4 /* LazyPager */ = {
			isa = XCSwiftPackageProductDependency;
			package = D4471DC12E89A95800C614F4 /* XCRemoteSwiftPackageReference "LazyPager" */;
			productName = LazyPager;
		};
/* End XCSwiftPackageProductDependency section */
	};
	rootObject = D486363C2E8560F300B72D50 /* Project object */;
}
